Microsoft Visual Studio Solution File, Format Version 12.00
# Visual Studio Version 17
VisualStudioVersion = 17.5.2.0
MinimumVisualStudioVersion = 10.0.40219.1
Project("{FAE04EC0-301F-11D3-BF4B-00C04F79EFBC}") = "FineAuraApp", "FineAuraApp.csproj", "{9253CED8-C1F8-354F-3995-E57C4E1F5AB6}"
EndProject
Global
	GlobalSection(SolutionConfigurationPlatforms) = preSolution
		Debug|Any CPU = Debug|Any CPU
		Release|Any CPU = Release|Any CPU
	EndGlobalSection
	GlobalSection(ProjectConfigurationPlatforms) = postSolution
		{9253CED8-C1F8-354F-3995-E57C4E1F5AB6}.Debug|Any CPU.ActiveCfg = Debug|Any CPU
		{9253CED8-C1F8-354F-3995-E57C4E1F5AB6}.Debug|Any CPU.Build.0 = Debug|Any CPU
		{9253CED8-C1F8-354F-3995-E57C4E1F5AB6}.Release|Any CPU.ActiveCfg = Release|Any CPU
		{9253CED8-C1F8-354F-3995-E57C4E1F5AB6}.Release|Any CPU.Build.0 = Release|Any CPU
	EndGlobalSection
	GlobalSection(SolutionProperties) = preSolution
		HideSolutionNode = FALSE
	EndGlobalSection
	GlobalSection(ExtensibilityGlobals) = postSolution
		SolutionGuid = {0C49E1FF-138D-49BE-9C73-2E3D703076AE}
	EndGlobalSection
EndGlobal
